// !$*UTF8*$!
{
	archiveVersion = 1;
	classes = {
	};
	objectVersion = 50;
	objects = {

/* Begin PBXBuildFile section */
		399E8BA326EA7AE300188A05 /* AppDelegate.swift in Sources */ = {isa = PBXBuildFile; fileRef = 399E8BA226EA7AE300188A05 /* AppDelegate.swift */; };
		399E8BA526EA7AE300188A05 /* SceneDelegate.swift in Sources */ = {isa = PBXBuildFile; fileRef = 399E8BA426EA7AE300188A05 /* SceneDelegate.swift */; };
		399E8BA726EA7AE300188A05 /* ViewController.swift in Sources */ = {isa = PBXBuildFile; fileRef = 399E8BA626EA7AE300188A05 /* ViewController.swift */; };
		399E8BAA26EA7AE300188A05 /* Main.storyboard in Resources */ = {isa = PBXBuildFile; fileRef = 399E8BA826EA7AE300188A05 /* Main.storyboard */; };
		399E8BAC26EA7AE400188A05 /* Assets.xcassets in Resources */ = {isa = PBXBuildFile; fileRef = 399E8BAB26EA7AE400188A05 /* Assets.xcassets */; };
		399E8BAF26EA7AE400188A05 /* LaunchScreen.storyboard in Resources */ = {isa = PBXBuildFile; fileRef = 399E8BAD26EA7AE400188A05 /* LaunchScreen.storyboard */; };
		399E8BBA26EA7AE400188A05 /* week1Tests.swift in Sources */ = {isa = PBXBuildFile; fileRef = 399E8BB926EA7AE400188A05 /* week1Tests.swift */; };
		399E8BC526EA7AE400188A05 /* week1UITests.swift in Sources */ = {isa = PBXBuildFile; fileRef = 399E8BC426EA7AE400188A05 /* week1UITests.swift */; };
/* End PBXBuildFile section */

/* Begin PBXContainerItemProxy section */
		399E8BB626EA7AE400188A05 /* PBXContainerItemProxy */ = {
			isa = PBXContainerItemProxy;
			containerPortal = 399E8B9726EA7AE200188A05 /* Project object */;
			proxyType = 1;
			remoteGlobalIDString = 399E8B9E26EA7AE200188A05;
			remoteInfo = week1;
		};
		399E8BC126EA7AE400188A05 /* PBXContainerItemProxy */ = {
			isa = PBXContainerItemProxy;
			containerPortal = 399E8B9726EA7AE200188A05 /* Project object */;
			proxyType = 1;
			remoteGlobalIDString = 399E8B9E26EA7AE200188A05;
			remoteInfo = week1;
		};
/* End PBXContainerItemProxy section */

/* Begin PBXFileReference section */
		399E8B9F26EA7AE200188A05 /* week1.app */ = {isa = PBXFileReference; explicitFileType = wrapper.application; includeInIndex = 0; path = week1.app; sourceTree = BUILT_PRODUCTS_DIR; };
		399E8BA226EA7AE300188A05 /* AppDelegate.swift */ = {isa = PBXFileReference; lastKnownFileType = sourcecode.swift; path = AppDelegate.swift; sourceTree = "<group>"; };
		399E8BA426EA7AE300188A05 /* SceneDelegate.swift */ = {isa = PBXFileReference; lastKnownFileType = sourcecode.swift; path = SceneDelegate.swift; sourceTree = "<group>"; };
		399E8BA626EA7AE300188A05 /* ViewController.swift */ = {isa = PBXFileReference; lastKnownFileType = sourcecode.swift; path = ViewController.swift; sourceTree = "<group>"; };
		399E8BA926EA7AE300188A05 /* Base */ = {isa = PBXFileReference; lastKnownFileType = file.storyboard; name = Base; path = Base.lproj/Main.storyboard; sourceTree = "<group>"; };
		399E8BAB26EA7AE400188A05 /* Assets.xcassets */ = {isa = PBXFileReference; lastKnownFileType = folder.assetcatalog; path = Assets.xcassets; sourceTree = "<group>"; };
		399E8BAE26EA7AE400188A05 /* Base */ = {isa = PBXFileReference; lastKnownFileType = file.storyboard; name = Base; path = Base.lproj/LaunchScreen.storyboard; sourceTree = "<group>"; };
		399E8BB026EA7AE400188A05 /* Info.plist */ = {isa = PBXFileReference; lastKnownFileType = text.plist.xml; path = Info.plist; sourceTree = "<group>"; };
		399E8BB526EA7AE400188A05 /* week1Tests.xctest */ = {isa = PBXFileReference; explicitFileType = wrapper.cfbundle; includeInIndex = 0; path = week1Tests.xctest; sourceTree = BUILT_PRODUCTS_DIR; };
		399E8BB926EA7AE400188A05 /* week1Tests.swift */ = {isa = PBXFileReference; lastKnownFileType = sourcecode.swift; path = week1Tests.swift; sourceTree = "<group>"; };
		399E8BBB26EA7AE400188A05 /* Info.plist */ = {isa = PBXFileReference; lastKnownFileType = text.plist.xml; path = Info.plist; sourceTree = "<group>"; };
		399E8BC026EA7AE400188A05 /* week1UITests.xctest */ = {isa = PBXFileReference; explicitFileType = wrapper.cfbundle; includeInIndex = 0; path = week1UITests.xctest; sourceTree = BUILT_PRODUCTS_DIR; };
		399E8BC426EA7AE400188A05 /* week1UITests.swift */ = {isa = PBXFileReference; lastKnownFileType = sourcecode.swift; path = week1UITests.swift; sourceTree = "<group>"; };
		399E8BC626EA7AE400188A05 /* Info.plist */ = {isa = PBXFileReference; lastKnownFileType = text.plist.xml; path = Info.plist; sourceTree = "<group>"; };
/* End PBXFileReference section */

/* Begin PBXFrameworksBuildPhase section */
		399E8B9C26EA7AE200188A05 /* Frameworks */ = {
			isa = PBXFrameworksBuildPhase;
			buildActionMask = 2147483647;
			files = (
			);
			runOnlyForDeploymentPostprocessing = 0;
		};
		399E8BB226EA7AE400188A05 /* Frameworks */ = {
			isa = PBXFrameworksBuildPhase;
			buildActionMask = 2147483647;
			files = (
			);
			runOnlyForDeploymentPostprocessing = 0;
		};
		399E8BBD26EA7AE400188A05 /* Frameworks */ = {
			isa = PBXFrameworksBuildPhase;
			buildActionMask = 2147483647;
			files = (
			);
			runOnlyForDeploymentPostprocessing = 0;
		};
/* End PBXFrameworksBuildPhase section */

/* Begin PBXGroup section */
		399E8B9626EA7AE200188A05 = {
			isa = PBXGroup;
			children = (
				399E8BA126EA7AE300188A05 /* week1 */,
				399E8BB826EA7AE400188A05 /* week1Tests */,
				399E8BC326EA7AE400188A05 /* week1UITests */,
				399E8BA026EA7AE200188A05 /* Products */,
			);
			sourceTree = "<group>";
		};
		399E8BA026EA7AE200188A05 /* Products */ = {
			isa = PBXGroup;
			children = (
				399E8B9F26EA7AE200188A05 /* week1.app */,
				399E8BB526EA7AE400188A05 /* week1Tests.xctest */,
				399E8BC026EA7AE400188A05 /* week1UITests.xctest */,
			);
			name = Products;
			sourceTree = "<group>";
		};
		399E8BA126EA7AE300188A05 /* week1 */ = {
			isa = PBXGroup;
			children = (
				399E8BA226EA7AE300188A05 /* AppDelegate.swift */,
				399E8BA426EA7AE300188A05 /* SceneDelegate.swift */,
				399E8BA626EA7AE300188A05 /* ViewController.swift */,
				399E8BA826EA7AE300188A05 /* Main.storyboard */,
				399E8BAB26EA7AE400188A05 /* Assets.xcassets */,
				399E8BAD26EA7AE400188A05 /* LaunchScreen.storyboard */,
				399E8BB026EA7AE400188A05 /* Info.plist */,
			);
			path = week1;
			sourceTree = "<group>";
		};
		399E8BB826EA7AE400188A05 /* week1Tests */ = {
			isa = PBXGroup;
			children = (
				399E8BB926EA7AE400188A05 /* week1Tests.swift */,
				399E8BBB26EA7AE400188A05 /* Info.plist */,
			);
			path = week1Tests;
			sourceTree = "<group>";
		};
		399E8BC326EA7AE400188A05 /* week1UITests */ = {
			isa = PBXGroup;
			children = (
				399E8BC426EA7AE400188A05 /* week1UITests.swift */,
				399E8BC626EA7AE400188A05 /* Info.plist */,
			);
			path = week1UITests;
			sourceTree = "<group>";
		};
/* End PBXGroup section */

/* Begin PBXNativeTarget section */
		399E8B9E26EA7AE200188A05 /* week1 */ = {
			isa = PBXNativeTarget;
			buildConfigurationList = 399E8BC926EA7AE400188A05 /* Build configuration list for PBXNativeTarget "week1" */;
			buildPhases = (
				399E8B9B26EA7AE200188A05 /* Sources */,
				399E8B9C26EA7AE200188A05 /* Frameworks */,
				399E8B9D26EA7AE200188A05 /* Resources */,
			);
			buildRules = (
			);
			dependencies = (
			);
			name = week1;
			productName = week1;
			productReference = 399E8B9F26EA7AE200188A05 /* week1.app */;
			productType = "com.apple.product-type.application";
		};
		399E8BB426EA7AE400188A05 /* week1Tests */ = {
			isa = PBXNativeTarget;
			buildConfigurationList = 399E8BCC26EA7AE400188A05 /* Build configuration list for PBXNativeTarget "week1Tests" */;
			buildPhases = (
				399E8BB126EA7AE400188A05 /* Sources */,
				399E8BB226EA7AE400188A05 /* Frameworks */,
				399E8BB326EA7AE400188A05 /* Resources */,
			);
			buildRules = (
			);
			dependencies = (
				399E8BB726EA7AE400188A05 /* PBXTargetDependency */,
			);
			name = week1Tests;
			productName = week1Tests;
			productReference = 399E8BB526EA7AE400188A05 /* week1Tests.xctest */;
			productType = "com.apple.product-type.bundle.unit-test";
		};
		399E8BBF26EA7AE400188A05 /* week1UITests */ = {
			isa = PBXNativeTarget;
			buildConfigurationList = 399E8BCF26EA7AE400188A05 /* Build configuration list for PBXNativeTarget "week1UITests" */;
			buildPhases = (
				399E8BBC26EA7AE400188A05 /* Sources */,
				399E8BBD26EA7AE400188A05 /* Frameworks */,
				399E8BBE26EA7AE400188A05 /* Resources */,
			);
			buildRules = (
			);
			dependencies = (
				399E8BC226EA7AE400188A05 /* PBXTargetDependency */,
			);
			name = week1UITests;
			productName = week1UITests;
			productReference = 399E8BC026EA7AE400188A05 /* week1UITests.xctest */;
			productType = "com.apple.product-type.bundle.ui-testing";
		};
/* End PBXNativeTarget section */

/* Begin PBXProject section */
		399E8B9726EA7AE200188A05 /* Project object */ = {
			isa = PBXProject;
			attributes = {
				LastSwiftUpdateCheck = 1250;
				LastUpgradeCheck = 1250;
				TargetAttributes = {
					399E8B9E26EA7AE200188A05 = {
						CreatedOnToolsVersion = 12.5.1;
					};
					399E8BB426EA7AE400188A05 = {
						CreatedOnToolsVersion = 12.5.1;
						TestTargetID = 399E8B9E26EA7AE200188A05;
					};
					399E8BBF26EA7AE400188A05 = {
						CreatedOnToolsVersion = 12.5.1;
						TestTargetID = 399E8B9E26EA7AE200188A05;
					};
				};
			};
			buildConfigurationList = 399E8B9A26EA7AE200188A05 /* Build configuration list for PBXProject "week1" */;
			compatibilityVersion = "Xcode 9.3";
			developmentRegion = en;
			hasScannedForEncodings = 0;
			knownRegions = (
				en,
				Base,
			);
			mainGroup = 399E8B9626EA7AE200188A05;
			productRefGroup = 399E8BA026EA7AE200188A05 /* Products */;
			projectDirPath = "";
			projectRoot = "";
			targets = (
				399E8B9E26EA7AE200188A05 /* week1 */,
				399E8BB426EA7AE400188A05 /* week1Tests */,
				399E8BBF26EA7AE400188A05 /* week1UITests */,
			);
		};
/* End PBXProject section */

/* Begin PBXResourcesBuildPhase section */
		399E8B9D26EA7AE200188A05 /* Resources */ = {
			isa = PBXResourcesBuildPhase;
			buildActionMask = 2147483647;
			files = (
				399E8BAF26EA7AE400188A05 /* LaunchScreen.storyboard in Resources */,
				399E8BAC26EA7AE400188A05 /* Assets.xcassets in Resources */,
				399E8BAA26EA7AE300188A05 /* Main.storyboard in Resources */,
			);
			runOnlyForDeploymentPostprocessing = 0;
		};
		399E8BB326EA7AE400188A05 /* Resources */ = {
			isa = PBXResourcesBuildPhase;
			buildActionMask = 2147483647;
			files = (
			);
			runOnlyForDeploymentPostprocessing = 0;
		};
		399E8BBE26EA7AE400188A05 /* Resources */ = {
			isa = PBXResourcesBuildPhase;
			buildActionMask = 2147483647;
			files = (
			);
			runOnlyForDeploymentPostprocessing = 0;
		};
/* End PBXResourcesBuildPhase section */

/* Begin PBXSourcesBuildPhase section */
		399E8B9B26EA7AE200188A05 /* Sources */ = {
			isa = PBXSourcesBuildPhase;
			buildActionMask = 2147483647;
			files = (
				399E8BA726EA7AE300188A05 /* ViewController.swift in Sources */,
				399E8BA326EA7AE300188A05 /* AppDelegate.swift in Sources */,
				399E8BA526EA7AE300188A05 /* SceneDelegate.swift in Sources */,
			);
			runOnlyForDeploymentPostprocessing = 0;
		};
		399E8BB126EA7AE400188A05 /* Sources */ = {
			isa = PBXSourcesBuildPhase;
			buildActionMask = 2147483647;
			files = (
				399E8BBA26EA7AE400188A05 /* week1Tests.swift in Sources */,
			);
			runOnlyForDeploymentPostprocessing = 0;
		};
		399E8BBC26EA7AE400188A05 /* Sources */ = {
			isa = PBXSourcesBuildPhase;
			buildActionMask = 2147483647;
			files = (
				399E8BC526EA7AE400188A05 /* week1UITests.swift in Sources */,
			);
			runOnlyForDeploymentPostprocessing = 0;
		};
/* End PBXSourcesBuildPhase section */

/* Begin PBXTargetDependency section */
		399E8BB726EA7AE400188A05 /* PBXTargetDependency */ = {
			isa = PBXTargetDependency;
			target = 399E8B9E26EA7AE200188A05 /* week1 */;
			targetProxy = 399E8BB626EA7AE400188A05 /* PBXContainerItemProxy */;
		};
		399E8BC226EA7AE400188A05 /* PBXTargetDependency */ = {
			isa = PBXTargetDependency;
			target = 399E8B9E26EA7AE200188A05 /* week1 */;
			targetProxy = 399E8BC126EA7AE400188A05 /* PBXContainerItemProxy */;
		};
/* End PBXTargetDependency section */

/* Begin PBXVariantGroup section */
		399E8BA826EA7AE300188A05 /* Main.storyboard */ = {
			isa = PBXVariantGroup;
			children = (
				399E8BA926EA7AE300188A05 /* Base */,
			);
			name = Main.storyboard;
			sourceTree = "<group>";
		};
		399E8BAD26EA7AE400188A05 /* LaunchScreen.storyboard */ = {
			isa = PBXVariantGroup;
			children = (
				399E8BAE26EA7AE400188A05 /* Base */,
			);
			name = LaunchScreen.storyboard;
			sourceTree = "<group>";
		};
/* End PBXVariantGroup section */

/* Begin XCBuildConfiguration section */
		399E8BC726EA7AE400188A05 /* Debug */ = {
			isa = XCBuildConfiguration;
			buildSettings = {
				ALWAYS_SEARCH_USER_PATHS = NO;
				CLANG_ANALYZER_NONNULL = YES;
				CLANG_ANALYZER_NUMBER_OBJECT_CONVERSION = YES_AGGRESSIVE;
				CLANG_CXX_LANGUAGE_STANDARD = "gnu++14";
				CLANG_CXX_LIBRARY = "libc++";
				CLANG_ENABLE_MODULES = YES;
				CLANG_ENABLE_OBJC_ARC = YES;
				CLANG_ENABLE_OBJC_WEAK = YES;
				CLANG_WARN_BLOCK_CAPTURE_AUTORELEASING = YES;
				CLANG_WARN_BOOL_CONVERSION = YES;
				CLANG_WARN_COMMA = YES;
				CLANG_WARN_CONSTANT_CONVERSION = YES;
				CLANG_WARN_DEPRECATED_OBJC_IMPLEMENTATIONS = YES;
				CLANG_WARN_DIRECT_OBJC_ISA_USAGE = YES_ERROR;
				CLANG_WARN_DOCUMENTATION_COMMENTS = YES;
				CLANG_WARN_EMPTY_BODY = YES;
				CLANG_WARN_ENUM_CONVERSION = YES;
				CLANG_WARN_INFINITE_RECURSION = YES;
				CLANG_WARN_INT_CONVERSION = YES;
				CLANG_WARN_NON_LITERAL_NULL_CONVERSION = YES;
				CLANG_WARN_OBJC_IMPLICIT_RETAIN_SELF = YES;
				CLANG_WARN_OBJC_LITERAL_CONVERSION = YES;
				CLANG_WARN_OBJC_ROOT_CLASS = YES_ERROR;
				CLANG_WARN_QUOTED_INCLUDE_IN_FRAMEWORK_HEADER = YES;
				CLANG_WARN_RANGE_LOOP_ANALYSIS = YES;
				CLANG_WARN_STRICT_PROTOTYPES = YES;
				CLANG_WARN_SUSPICIOUS_MOVE = YES;
				CLANG_WARN_UNGUARDED_AVAILABILITY = YES_AGGRESSIVE;
				CLANG_WARN_UNREACHABLE_CODE = YES;
				CLANG_WARN__DUPLICATE_METHOD_MATCH = YES;
				COPY_PHASE_STRIP = NO;
				DEBUG_INFORMATION_FORMAT = dwarf;
				ENABLE_STRICT_OBJC_MSGSEND = YES;
				ENABLE_TESTABILITY = YES;
				GCC_C_LANGUAGE_STANDARD = gnu11;
				GCC_DYNAMIC_NO_PIC = NO;
				GCC_NO_COMMON_BLOCKS = YES;
				GCC_OPTIMIZATION_LEVEL = 0;
				GCC_PREPROCESSOR_DEFINITIONS = (
					"DEBUG=1",
					"$(inherited)",
				);
				GCC_WARN_64_TO_32_BIT_CONVERSION = YES;
				GCC_WARN_ABOUT_RETURN_TYPE = YES_ERROR;
				GCC_WARN_UNDECLARED_SELECTOR = YES;
				GCC_WARN_UNINITIALIZED_AUTOS = YES_AGGRESSIVE;
				GCC_WARN_UNUSED_FUNCTION = YES;
				GCC_WARN_UNUSED_VARIABLE = YES;
				IPHONEOS_DEPLOYMENT_TARGET = 14.5;
				MTL_ENABLE_DEBUG_INFO = INCLUDE_SOURCE;
				MTL_FAST_MATH = YES;
				ONLY_ACTIVE_ARCH = YES;
				SDKROOT = iphoneos;
				SWIFT_ACTIVE_COMPILATION_CONDITIONS = DEBUG;
				SWIFT_OPTIMIZATION_LEVEL = "-Onone";
			};
			name = Debug;
		};
		399E8BC826EA7AE400188A05 /* Release */ = {
			isa = XCBuildConfiguration;
			buildSettings = {
				ALWAYS_SEARCH_USER_PATHS = NO;
				CLANG_ANALYZER_NONNULL = YES;
				CLANG_ANALYZER_NUMBER_OBJECT_CONVERSION = YES_AGGRESSIVE;
				CLANG_CXX_LANGUAGE_STANDARD = "gnu++14";
				CLANG_CXX_LIBRARY = "libc++";
				CLANG_ENABLE_MODULES = YES;
				CLANG_ENABLE_OBJC_ARC = YES;
				CLANG_ENABLE_OBJC_WEAK = YES;
				CLANG_WARN_BLOCK_CAPTURE_AUTORELEASING = YES;
				CLANG_WARN_BOOL_CONVERSION = YES;
				CLANG_WARN_COMMA = YES;
				CLANG_WARN_CONSTANT_CONVERSION = YES;
				CLANG_WARN_DEPRECATED_OBJC_IMPLEMENTATIONS = YES;
				CLANG_WARN_DIRECT_OBJC_ISA_USAGE = YES_ERROR;
				CLANG_WARN_DOCUMENTATION_COMMENTS = YES;
				CLANG_WARN_EMPTY_BODY = YES;
				CLANG_WARN_ENUM_CONVERSION = YES;
				CLANG_WARN_INFINITE_RECURSION = YES;
				CLANG_WARN_INT_CONVERSION = YES;
				CLANG_WARN_NON_LITERAL_NULL_CONVERSION = YES;
				CLANG_WARN_OBJC_IMPLICIT_RETAIN_SELF = YES;
				CLANG_WARN_OBJC_LITERAL_CONVERSION = YES;
				CLANG_WARN_OBJC_ROOT_CLASS = YES_ERROR;
				CLANG_WARN_QUOTED_INCLUDE_IN_FRAMEWORK_HEADER = YES;
				CLANG_WARN_RANGE_LOOP_ANALYSIS = YES;
				CLANG_WARN_STRICT_PROTOTYPES = YES;
				CLANG_WARN_SUSPICIOUS_MOVE = YES;
				CLANG_WARN_UNGUARDED_AVAILABILITY = YES_AGGRESSIVE;
				CLANG_WARN_UNREACHABLE_CODE = YES;
				CLANG_WARN__DUPLICATE_METHOD_MATCH = YES;
				COPY_PHASE_STRIP = NO;
				DEBUG_INFORMATION_FORMAT = "dwarf-with-dsym";
				ENABLE_NS_ASSERTIONS = NO;
				ENABLE_STRICT_OBJC_MSGSEND = YES;
				GCC_C_LANGUAGE_STANDARD = gnu11;
				GCC_NO_COMMON_BLOCKS = YES;
				GCC_WARN_64_TO_32_BIT_CONVERSION = YES;
				GCC_WARN_ABOUT_RETURN_TYPE = YES_ERROR;
				GCC_WARN_UNDECLARED_SELECTOR = YES;
				GCC_WARN_UNINITIALIZED_AUTOS = YES_AGGRESSIVE;
				GCC_WARN_UNUSED_FUNCTION = YES;
				GCC_WARN_UNUSED_VARIABLE = YES;
				IPHONEOS_DEPLOYMENT_TARGET = 14.5;
				MTL_ENABLE_DEBUG_INFO = NO;
				MTL_FAST_MATH = YES;
				SDKROOT = iphoneos;
				SWIFT_COMPILATION_MODE = wholemodule;
				SWIFT_OPTIMIZATION_LEVEL = "-O";
				VALIDATE_PRODUCT = YES;
			};
			name = Release;
		};
		399E8BCA26EA7AE400188A05 /* Debug */ = {
			isa = XCBuildConfiguration;
			buildSettings = {
				ASSETCATALOG_COMPILER_APPICON_NAME = AppIcon;
				ASSETCATALOG_COMPILER_GLOBAL_ACCENT_COLOR_NAME = AccentColor;
				CODE_SIGN_STYLE = Automatic;
				DEVELOPMENT_TEAM = 9277C7889W;
				INFOPLIST_FILE = week1/Info.plist;
				LD_RUNPATH_SEARCH_PATHS = (
					"$(inherited)",
					"@executable_path/Frameworks",
				);
				PRODUCT_BUNDLE_IDENTIFIER = boss.week1;
				PRODUCT_NAME = "$(TARGET_NAME)";
				SWIFT_VERSION = 5.0;
				TARGETED_DEVICE_FAMILY = "1,2";
			};
			name = Debug;
		};
		399E8BCB26EA7AE400188A05 /* Release */ = {
			isa = XCBuildConfiguration;
			buildSettings = {
				ASSETCATALOG_COMPILER_APPICON_NAME = AppIcon;
				ASSETCATALOG_COMPILER_GLOBAL_ACCENT_COLOR_NAME = AccentColor;
				CODE_SIGN_STYLE = Automatic;
				DEVELOPMENT_TEAM = 9277C7889W;
				INFOPLIST_FILE = week1/Info.plist;
				LD_RUNPATH_SEARCH_PATHS = (
					"$(inherited)",
					"@executable_path/Frameworks",
				);
				PRODUCT_BUNDLE_IDENTIFIER = boss.week1;
				PRODUCT_NAME = "$(TARGET_NAME)";
				SWIFT_VERSION = 5.0;
				TARGETED_DEVICE_FAMILY = "1,2";
			};
			name = Release;
		};
		399E8BCD26EA7AE400188A05 /* Debug */ = {
			isa = XCBuildConfiguration;
			buildSettings = {
				ALWAYS_EMBED_SWIFT_STANDARD_LIBRARIES = YES;
				BUNDLE_LOADER = "$(TEST_HOST)";
				CODE_SIGN_STYLE = Automatic;
				DEVELOPMENT_TEAM = 9277C7889W;
				INFOPLIST_FILE = week1Tests/Info.plist;
				IPHONEOS_DEPLOYMENT_TARGET = 14.5;
				LD_RUNPATH_SEARCH_PATHS = (
					"$(inherited)",
					"@executable_path/Frameworks",
					"@loader_path/Frameworks",
				);
				PRODUCT_BUNDLE_IDENTIFIER = boss.week1Tests;
				PRODUCT_NAME = "$(TARGET_NAME)";
				SWIFT_VERSION = 5.0;
				TARGETED_DEVICE_FAMILY = "1,2";
				TEST_HOST = "$(BUILT_PRODUCTS_DIR)/week1.app/week1";
			};
			name = Debug;
		};
		399E8BCE26EA7AE400188A05 /* Release */ = {
			isa = XCBuildConfiguration;
			buildSettings = {
				ALWAYS_EMBED_SWIFT_STANDARD_LIBRARIES = YES;
				BUNDLE_LOADER = "$(TEST_HOST)";
				CODE_SIGN_STYLE = Automatic;
				DEVELOPMENT_TEAM = 9277C7889W;
				INFOPLIST_FILE = week1Tests/Info.plist;
				IPHONEOS_DEPLOYMENT_TARGET = 14.5;
				LD_RUNPATH_SEARCH_PATHS = (
					"$(inherited)",
					"@executable_path/Frameworks",
					"@loader_path/Frameworks",
				);
				PRODUCT_BUNDLE_IDENTIFIER = boss.week1Tests;
				PRODUCT_NAME = "$(TARGET_NAME)";
				SWIFT_VERSION = 5.0;
				TARGETED_DEVICE_FAMILY = "1,2";
				TEST_HOST = "$(BUILT_PRODUCTS_DIR)/week1.app/week1";
			};
			name = Release;
		};
		399E8BD026EA7AE400188A05 /* Debug */ = {
			isa = XCBuildConfiguration;
			buildSettings = {
				ALWAYS_EMBED_SWIFT_STANDARD_LIBRARIES = YES;
				CODE_SIGN_STYLE = Automatic;
				DEVELOPMENT_TEAM = 9277C7889W;
				INFOPLIST_FILE = week1UITests/Info.plist;
				LD_RUNPATH_SEARCH_PATHS = (
					"$(inherited)",
					"@executable_path/Frameworks",
					"@loader_path/Frameworks",
				);
				PRODUCT_BUNDLE_IDENTIFIER = boss.week1UITests;
				PRODUCT_NAME = "$(TARGET_NAME)";
				SWIFT_VERSION = 5.0;
				TARGETED_DEVICE_FAMILY = "1,2";
				TEST_TARGET_NAME = week1;
			};
			name = Debug;
		};
		399E8BD126EA7AE400188A05 /* Release */ = {
			isa = XCBuildConfiguration;
			buildSettings = {
				ALWAYS_EMBED_SWIFT_STANDARD_LIBRARIES = YES;
				CODE_SIGN_STYLE = Automatic;
				DEVELOPMENT_TEAM = 9277C7889W;
				INFOPLIST_FILE = week1UITests/Info.plist;
				LD_RUNPATH_SEARCH_PATHS = (
					"$(inherited)",
					"@executable_path/Frameworks",
					"@loader_path/Frameworks",
				);
				PRODUCT_BUNDLE_IDENTIFIER = boss.week1UITests;
				PRODUCT_NAME = "$(TARGET_NAME)";
				SWIFT_VERSION = 5.0;
				TARGETED_DEVICE_FAMILY = "1,2";
				TEST_TARGET_NAME = week1;
			};
			name = Release;
		};
/* End XCBuildConfiguration section */

/* Begin XCConfigurationList section */
		399E8B9A26EA7AE200188A05 /* Build configuration list for PBXProject "week1" */ = {
			isa = XCConfigurationList;
			buildConfigurations = (
				399E8BC726EA7AE400188A05 /* Debug */,
				399E8BC826EA7AE400188A05 /* Release */,
			);
			defaultConfigurationIsVisible = 0;
			defaultConfigurationName = Release;
		};
		399E8BC926EA7AE400188A05 /* Build configuration list for PBXNativeTarget "week1" */ = {
			isa = XCConfigurationList;
			buildConfigurations = (
				399E8BCA26EA7AE400188A05 /* Debug */,
				399E8BCB26EA7AE400188A05 /* Release */,
			);
			defaultConfigurationIsVisible = 0;
			defaultConfigurationName = Release;
		};
		399E8BCC26EA7AE400188A05 /* Build configuration list for PBXNativeTarget "week1Tests" */ = {
			isa = XCConfigurationList;
			buildConfigurations = (
				399E8BCD26EA7AE400188A05 /* Debug */,
				399E8BCE26EA7AE400188A05 /* Release */,
			);
			defaultConfigurationIsVisible = 0;
			defaultConfigurationName = Release;
		};
		399E8BCF26EA7AE400188A05 /* Build configuration list for PBXNativeTarget "week1UITests" */ = {
			isa = XCConfigurationList;
			buildConfigurations = (
				399E8BD026EA7AE400188A05 /* Debug */,
				399E8BD126EA7AE400188A05 /* Release */,
			);
			defaultConfigurationIsVisible = 0;
			defaultConfigurationName = Release;
		};
/* End XCConfigurationList section */
	};
	rootObject = 399E8B9726EA7AE200188A05 /* Project object */;
}
